// !$*UTF8*$!
{
	archiveVersion = 1;
	classes = {
	};
	objectVersion = 46;
	objects = {

/* Begin PBXBuildFile section */
		EA03473316D44B3300AC8ECD /* BusinessInfo.m in Sources */ = {isa = PBXBuildFile; fileRef = EA03473216D44B3300AC8ECD /* BusinessInfo.m */; };
		EA03473716D44B7A00AC8ECD /* DataManager.m in Sources */ = {isa = PBXBuildFile; fileRef = EA03473616D44B7A00AC8ECD /* DataManager.m */; };
		EA03473916D44C5600AC8ECD /* CoreLocation.framework in Frameworks */ = {isa = PBXBuildFile; fileRef = EA03473816D44C5600AC8ECD /* CoreLocation.framework */; };
		EA54438716D2C7C900B5B5BB /* UIKit.framework in Frameworks */ = {isa = PBXBuildFile; fileRef = EA54438616D2C7C900B5B5BB /* UIKit.framework */; };
		EA54438916D2C7C900B5B5BB /* Foundation.framework in Frameworks */ = {isa = PBXBuildFile; fileRef = EA54438816D2C7C900B5B5BB /* Foundation.framework */; };
		EA54438B16D2C7C900B5B5BB /* CoreGraphics.framework in Frameworks */ = {isa = PBXBuildFile; fileRef = EA54438A16D2C7C900B5B5BB /* CoreGraphics.framework */; };
		EA54439116D2C7C900B5B5BB /* InfoPlist.strings in Resources */ = {isa = PBXBuildFile; fileRef = EA54438F16D2C7C900B5B5BB /* InfoPlist.strings */; };
		EA54439316D2C7C900B5B5BB /* main.m in Sources */ = {isa = PBXBuildFile; fileRef = EA54439216D2C7C900B5B5BB /* main.m */; };
		EA54439716D2C7C900B5B5BB /* AppDelegate.m in Sources */ = {isa = PBXBuildFile; fileRef = EA54439616D2C7C900B5B5BB /* AppDelegate.m */; };
		EA5443A016D2C7C900B5B5BB /* FirstViewController.m in Sources */ = {isa = PBXBuildFile; fileRef = EA54439F16D2C7C900B5B5BB /* FirstViewController.m */; };
		EA5443A216D2C7C900B5B5BB /* first.png in Resources */ = {isa = PBXBuildFile; fileRef = EA5443A116D2C7C900B5B5BB /* first.png */; };
		EA5443A416D2C7C900B5B5BB /* first@2x.png in Resources */ = {isa = PBXBuildFile; fileRef = EA5443A316D2C7C900B5B5BB /* first@2x.png */; };
		EA5443A716D2C7C900B5B5BB /* SecondViewController.m in Sources */ = {isa = PBXBuildFile; fileRef = EA5443A616D2C7C900B5B5BB /* SecondViewController.m */; };
		EA5443A916D2C7C900B5B5BB /* second.png in Resources */ = {isa = PBXBuildFile; fileRef = EA5443A816D2C7C900B5B5BB /* second.png */; };
		EA5443AB16D2C7C900B5B5BB /* second@2x.png in Resources */ = {isa = PBXBuildFile; fileRef = EA5443AA16D2C7C900B5B5BB /* second@2x.png */; };
		EA5443AE16D2C7C900B5B5BB /* FirstViewController.xib in Resources */ = {isa = PBXBuildFile; fileRef = EA5443AC16D2C7C900B5B5BB /* FirstViewController.xib */; };
		EA5443B116D2C7C900B5B5BB /* SecondViewController.xib in Resources */ = {isa = PBXBuildFile; fileRef = EA5443AF16D2C7C900B5B5BB /* SecondViewController.xib */; };
		EA5443BA16D2C8CC00B5B5BB /* DetailViewController.m in Sources */ = {isa = PBXBuildFile; fileRef = EA5443B816D2C8CC00B5B5BB /* DetailViewController.m */; };
		EA5443BB16D2C8CC00B5B5BB /* DetailViewController.xib in Resources */ = {isa = PBXBuildFile; fileRef = EA5443B916D2C8CC00B5B5BB /* DetailViewController.xib */; };
		EA5443BD16D2CB5600B5B5BB /* MapKit.framework in Frameworks */ = {isa = PBXBuildFile; fileRef = EA5443BC16D2CB5600B5B5BB /* MapKit.framework */; };
		EA5443C016D2E0CF00B5B5BB /* MyMapAnnotation.m in Sources */ = {isa = PBXBuildFile; fileRef = EA5443BF16D2E0CF00B5B5BB /* MyMapAnnotation.m */; };
		EAA7635A16D6E3DD0082B8CA /* icon.png in Resources */ = {isa = PBXBuildFile; fileRef = EAA7635516D6E3DD0082B8CA /* icon.png */; };
		EAA7635B16D6E3DD0082B8CA /* icon@2x.png in Resources */ = {isa = PBXBuildFile; fileRef = EAA7635616D6E3DD0082B8CA /* icon@2x.png */; };
		EAA7636416D6E5210082B8CA /* Default@2x.png in Resources */ = {isa = PBXBuildFile; fileRef = EAA7636316D6E5210082B8CA /* Default@2x.png */; };
		EAA7636616D6E52F0082B8CA /* Default-568h@2x.png in Resources */ = {isa = PBXBuildFile; fileRef = EAA7636516D6E52F0082B8CA /* Default-568h@2x.png */; };
		EAA7636C16D6E6E00082B8CA /* Default.png in Resources */ = {isa = PBXBuildFile; fileRef = EAA7636B16D6E6DF0082B8CA /* Default.png */; };
/* End PBXBuildFile section */

/* Begin PBXFileReference section */
		EA03473116D44B3300AC8ECD /* BusinessInfo.h */ = {isa = PBXFileReference; fileEncoding = 4; lastKnownFileType = sourcecode.c.h; path = BusinessInfo.h; sourceTree = "<group>"; };
		EA03473216D44B3300AC8ECD /* BusinessInfo.m */ = {isa = PBXFileReference; fileEncoding = 4; lastKnownFileType = sourcecode.c.objc; path = BusinessInfo.m; sourceTree = "<group>"; };
		EA03473516D44B7A00AC8ECD /* DataManager.h */ = {isa = PBXFileReference; fileEncoding = 4; lastKnownFileType = sourcecode.c.h; path = DataManager.h; sourceTree = "<group>"; };
		EA03473616D44B7A00AC8ECD /* DataManager.m */ = {isa = PBXFileReference; fileEncoding = 4; lastKnownFileType = sourcecode.c.objc; path = DataManager.m; sourceTree = "<group>"; };
		EA03473816D44C5600AC8ECD /* CoreLocation.framework */ = {isa = PBXFileReference; lastKnownFileType = wrapper.framework; name = CoreLocation.framework; path = System/Library/Frameworks/CoreLocation.framework; sourceTree = SDKROOT; };
		EA54438216D2C7C900B5B5BB /* MDF1-Project3.app */ = {isa = PBXFileReference; explicitFileType = wrapper.application; includeInIndex = 0; path = "MDF1-Project3.app"; sourceTree = BUILT_PRODUCTS_DIR; };
		EA54438616D2C7C900B5B5BB /* UIKit.framework */ = {isa = PBXFileReference; lastKnownFileType = wrapper.framework; name = UIKit.framework; path = System/Library/Frameworks/UIKit.framework; sourceTree = SDKROOT; };
		EA54438816D2C7C900B5B5BB /* Foundation.framework */ = {isa = PBXFileReference; lastKnownFileType = wrapper.framework; name = Foundation.framework; path = System/Library/Frameworks/Foundation.framework; sourceTree = SDKROOT; };
		EA54438A16D2C7C900B5B5BB /* CoreGraphics.framework */ = {isa = PBXFileReference; lastKnownFileType = wrapper.framework; name = CoreGraphics.framework; path = System/Library/Frameworks/CoreGraphics.framework; sourceTree = SDKROOT; };
		EA54438E16D2C7C900B5B5BB /* MDF1-Project3-Info.plist */ = {isa = PBXFileReference; lastKnownFileType = text.plist.xml; path = "MDF1-Project3-Info.plist"; sourceTree = "<group>"; };
		EA54439016D2C7C900B5B5BB /* en */ = {isa = PBXFileReference; lastKnownFileType = text.plist.strings; name = en; path = en.lproj/InfoPlist.strings; sourceTree = "<group>"; };
		EA54439216D2C7C900B5B5BB /* main.m */ = {isa = PBXFileReference; lastKnownFileType = sourcecode.c.objc; path = main.m; sourceTree = "<group>"; };
		EA54439416D2C7C900B5B5BB /* MDF1-Project3-Prefix.pch */ = {isa = PBXFileReference; lastKnownFileType = sourcecode.c.h; path = "MDF1-Project3-Prefix.pch"; sourceTree = "<group>"; };
		EA54439516D2C7C900B5B5BB /* AppDelegate.h */ = {isa = PBXFileReference; lastKnownFileType = sourcecode.c.h; path = AppDelegate.h; sourceTree = "<group>"; };
		EA54439616D2C7C900B5B5BB /* AppDelegate.m */ = {isa = PBXFileReference; lastKnownFileType = sourcecode.c.objc; path = AppDelegate.m; sourceTree = "<group>"; };
		EA54439E16D2C7C900B5B5BB /* FirstViewController.h */ = {isa = PBXFileReference; lastKnownFileType = sourcecode.c.h; path = FirstViewController.h; sourceTree = "<group>"; };
		EA54439F16D2C7C900B5B5BB /* FirstViewController.m */ = {isa = PBXFileReference; lastKnownFileType = sourcecode.c.objc; path = FirstViewController.m; sourceTree = "<group>"; };
		EA5443A116D2C7C900B5B5BB /* first.png */ = {isa = PBXFileReference; lastKnownFileType = image.png; path = first.png; sourceTree = "<group>"; };
		EA5443A316D2C7C900B5B5BB /* first@2x.png */ = {isa = PBXFileReference; lastKnownFileType = image.png; path = "first@2x.png"; sourceTree = "<group>"; };
		EA5443A516D2C7C900B5B5BB /* SecondViewController.h */ = {isa = PBXFileReference; lastKnownFileType = sourcecode.c.h; path = SecondViewController.h; sourceTree = "<group>"; };
		EA5443A616D2C7C900B5B5BB /* SecondViewController.m */ = {isa = PBXFileReference; lastKnownFileType = sourcecode.c.objc; path = SecondViewController.m; sourceTree = "<group>"; };
		EA5443A816D2C7C900B5B5BB /* second.png */ = {isa = PBXFileReference; lastKnownFileType = image.png; path = second.png; sourceTree = "<group>"; };
		EA5443AA16D2C7C900B5B5BB /* second@2x.png */ = {isa = PBXFileReference; lastKnownFileType = image.png; path = "second@2x.png"; sourceTree = "<group>"; };
		EA5443AD16D2C7C900B5B5BB /* en */ = {isa = PBXFileReference; lastKnownFileType = file.xib; name = en; path = en.lproj/FirstViewController.xib; sourceTree = "<group>"; };
		EA5443B016D2C7C900B5B5BB /* en */ = {isa = PBXFileReference; lastKnownFileType = file.xib; name = en; path = en.lproj/SecondViewController.xib; sourceTree = "<group>"; };
		EA5443B716D2C8CC00B5B5BB /* DetailViewController.h */ = {isa = PBXFileReference; fileEncoding = 4; lastKnownFileType = sourcecode.c.h; path = DetailViewController.h; sourceTree = "<group>"; };
		EA5443B816D2C8CC00B5B5BB /* DetailViewController.m */ = {isa = PBXFileReference; fileEncoding = 4; lastKnownFileType = sourcecode.c.objc; path = DetailViewController.m; sourceTree = "<group>"; };
		EA5443B916D2C8CC00B5B5BB /* DetailViewController.xib */ = {isa = PBXFileReference; fileEncoding = 4; lastKnownFileType = file.xib; path = DetailViewController.xib; sourceTree = "<group>"; };
		EA5443BC16D2CB5600B5B5BB /* MapKit.framework */ = {isa = PBXFileReference; lastKnownFileType = wrapper.framework; name = MapKit.framework; path = System/Library/Frameworks/MapKit.framework; sourceTree = SDKROOT; };
		EA5443BE16D2E0CF00B5B5BB /* MyMapAnnotation.h */ = {isa = PBXFileReference; fileEncoding = 4; lastKnownFileType = sourcecode.c.h; path = MyMapAnnotation.h; sourceTree = "<group>"; };
		EA5443BF16D2E0CF00B5B5BB /* MyMapAnnotation.m */ = {isa = PBXFileReference; fileEncoding = 4; lastKnownFileType = sourcecode.c.objc; path = MyMapAnnotation.m; sourceTree = "<group>"; };
		EAA7635516D6E3DD0082B8CA /* icon.png */ = {isa = PBXFileReference; lastKnownFileType = image.png; name = icon.png; path = ../../../images/project3/project3_2/icon.png; sourceTree = "<group>"; };
		EAA7635616D6E3DD0082B8CA /* icon@2x.png */ = {isa = PBXFileReference; lastKnownFileType = image.png; name = "icon@2x.png"; path = "../../../images/project3/project3_2/icon@2x.png"; sourceTree = "<group>"; };
		EAA7636316D6E5210082B8CA /* Default@2x.png */ = {isa = PBXFileReference; lastKnownFileType = image.png; name = "Default@2x.png"; path = "../Default@2x.png"; sourceTree = "<group>"; };
		EAA7636516D6E52F0082B8CA /* Default-568h@2x.png */ = {isa = PBXFileReference; lastKnownFileType = image.png; name = "Default-568h@2x.png"; path = "../Default-568h@2x.png"; sourceTree = "<group>"; };
		EAA7636B16D6E6DF0082B8CA /* Default.png */ = {isa = PBXFileReference; lastKnownFileType = image.png; name = Default.png; path = ../Default.png; sourceTree = "<group>"; };
/* End PBXFileReference section */

/* Begin PBXFrameworksBuildPhase section */
		EA54437F16D2C7C900B5B5BB /* Frameworks */ = {
			isa = PBXFrameworksBuildPhase;
			buildActionMask = 2147483647;
			files = (
				EA03473916D44C5600AC8ECD /* CoreLocation.framework in Frameworks */,
				EA5443BD16D2CB5600B5B5BB /* MapKit.framework in Frameworks */,
				EA54438716D2C7C900B5B5BB /* UIKit.framework in Frameworks */,
				EA54438916D2C7C900B5B5BB /* Foundation.framework in Frameworks */,
				EA54438B16D2C7C900B5B5BB /* CoreGraphics.framework in Frameworks */,
			);
			runOnlyForDeploymentPostprocessing = 0;
		};
/* End PBXFrameworksBuildPhase section */

/* Begin PBXGroup section */
		EA54437716D2C7C900B5B5BB = {
			isa = PBXGroup;
			children = (
				EA54438C16D2C7C900B5B5BB /* MDF1-Project3 */,
				EA54438516D2C7C900B5B5BB /* Frameworks */,
				EA54438316D2C7C900B5B5BB /* Products */,
			);
			sourceTree = "<group>";
		};
		EA54438316D2C7C900B5B5BB /* Products */ = {
			isa = PBXGroup;
			children = (
				EA54438216D2C7C900B5B5BB /* MDF1-Project3.app */,
			);
			name = Products;
			sourceTree = "<group>";
		};
		EA54438516D2C7C900B5B5BB /* Frameworks */ = {
			isa = PBXGroup;
			children = (
				EA03473816D44C5600AC8ECD /* CoreLocation.framework */,
				EA5443BC16D2CB5600B5B5BB /* MapKit.framework */,
				EA54438616D2C7C900B5B5BB /* UIKit.framework */,
				EA54438816D2C7C900B5B5BB /* Foundation.framework */,
				EA54438A16D2C7C900B5B5BB /* CoreGraphics.framework */,
			);
			name = Frameworks;
			sourceTree = "<group>";
		};
		EA54438C16D2C7C900B5B5BB /* MDF1-Project3 */ = {
			isa = PBXGroup;
			children = (
				EA54439516D2C7C900B5B5BB /* AppDelegate.h */,
				EA54439616D2C7C900B5B5BB /* AppDelegate.m */,
				EA54439E16D2C7C900B5B5BB /* FirstViewController.h */,
				EA54439F16D2C7C900B5B5BB /* FirstViewController.m */,
				EA5443AC16D2C7C900B5B5BB /* FirstViewController.xib */,
				EA5443A116D2C7C900B5B5BB /* first.png */,
				EA5443A316D2C7C900B5B5BB /* first@2x.png */,
				EA5443A516D2C7C900B5B5BB /* SecondViewController.h */,
				EA5443A616D2C7C900B5B5BB /* SecondViewController.m */,
				EA5443AF16D2C7C900B5B5BB /* SecondViewController.xib */,
				EA5443A816D2C7C900B5B5BB /* second.png */,
				EA5443AA16D2C7C900B5B5BB /* second@2x.png */,
				EA54438D16D2C7C900B5B5BB /* Supporting Files */,
				EA5443B716D2C8CC00B5B5BB /* DetailViewController.h */,
				EA5443B816D2C8CC00B5B5BB /* DetailViewController.m */,
				EA5443B916D2C8CC00B5B5BB /* DetailViewController.xib */,
				EA5443BE16D2E0CF00B5B5BB /* MyMapAnnotation.h */,
				EA5443BF16D2E0CF00B5B5BB /* MyMapAnnotation.m */,
				EA03473116D44B3300AC8ECD /* BusinessInfo.h */,
				EA03473216D44B3300AC8ECD /* BusinessInfo.m */,
				EA03473516D44B7A00AC8ECD /* DataManager.h */,
				EA03473616D44B7A00AC8ECD /* DataManager.m */,
			);
			path = "MDF1-Project3";
			sourceTree = "<group>";
		};
		EA54438D16D2C7C900B5B5BB /* Supporting Files */ = {
			isa = PBXGroup;
			children = (
				EAA7636516D6E52F0082B8CA /* Default-568h@2x.png */,
				EAA7636316D6E5210082B8CA /* Default@2x.png */,
				EAA7636B16D6E6DF0082B8CA /* Default.png */,
				EAA7635516D6E3DD0082B8CA /* icon.png */,
				EAA7635616D6E3DD0082B8CA /* icon@2x.png */,
				EA54438E16D2C7C900B5B5BB /* MDF1-Project3-Info.plist */,
				EA54438F16D2C7C900B5B5BB /* InfoPlist.strings */,
				EA54439216D2C7C900B5B5BB /* main.m */,
				EA54439416D2C7C900B5B5BB /* MDF1-Project3-Prefix.pch */,
			);
			name = "Supporting Files";
			sourceTree = "<group>";
		};
/* End PBXGroup section */

/* Begin PBXNativeTarget section */
		EA54438116D2C7C900B5B5BB /* MDF1-Project3 */ = {
			isa = PBXNativeTarget;
			buildConfigurationList = EA5443B416D2C7C900B5B5BB /* Build configuration list for PBXNativeTarget "MDF1-Project3" */;
			buildPhases = (
				EA54437E16D2C7C900B5B5BB /* Sources */,
				EA54437F16D2C7C900B5B5BB /* Frameworks */,
				EA54438016D2C7C900B5B5BB /* Resources */,
			);
			buildRules = (
			);
			dependencies = (
			);
			name = "MDF1-Project3";
			productName = "MDF1-Project3";
			productReference = EA54438216D2C7C900B5B5BB /* MDF1-Project3.app */;
			productType = "com.apple.product-type.application";
		};
/* End PBXNativeTarget section */

/* Begin PBXProject section */
		EA54437916D2C7C900B5B5BB /* Project object */ = {
			isa = PBXProject;
			attributes = {
				LastUpgradeCheck = 0450;
				ORGANIZATIONNAME = "Carol Gaylor";
			};
			buildConfigurationList = EA54437C16D2C7C900B5B5BB /* Build configuration list for PBXProject "MDF1-Project3" */;
			compatibilityVersion = "Xcode 3.2";
			developmentRegion = English;
			hasScannedForEncodings = 0;
			knownRegions = (
				en,
			);
			mainGroup = EA54437716D2C7C900B5B5BB;
			productRefGroup = EA54438316D2C7C900B5B5BB /* Products */;
			projectDirPath = "";
			projectRoot = "";
			targets = (
				EA54438116D2C7C900B5B5BB /* MDF1-Project3 */,
			);
		};
/* End PBXProject section */

/* Begin PBXResourcesBuildPhase section */
		EA54438016D2C7C900B5B5BB /* Resources */ = {
			isa = PBXResourcesBuildPhase;
			buildActionMask = 2147483647;
			files = (
				EA54439116D2C7C900B5B5BB /* InfoPlist.strings in Resources */,
				EA5443A216D2C7C900B5B5BB /* first.png in Resources */,
				EA5443A416D2C7C900B5B5BB /* first@2x.png in Resources */,
				EA5443A916D2C7C900B5B5BB /* second.png in Resources */,
				EA5443AB16D2C7C900B5B5BB /* second@2x.png in Resources */,
				EA5443AE16D2C7C900B5B5BB /* FirstViewController.xib in Resources */,
				EA5443B116D2C7C900B5B5BB /* SecondViewController.xib in Resources */,
				EA5443BB16D2C8CC00B5B5BB /* DetailViewController.xib in Resources */,
				EAA7635A16D6E3DD0082B8CA /* icon.png in Resources */,
				EAA7635B16D6E3DD0082B8CA /* icon@2x.png in Resources */,
				EAA7636416D6E5210082B8CA /* Default@2x.png in Resources */,
				EAA7636616D6E52F0082B8CA /* Default-568h@2x.png in Resources */,
				EAA7636C16D6E6E00082B8CA /* Default.png in Resources */,
			);
			runOnlyForDeploymentPostprocessing = 0;
		};
/* End PBXResourcesBuildPhase section */

/* Begin PBXSourcesBuildPhase section */
		EA54437E16D2C7C900B5B5BB /* Sources */ = {
			isa = PBXSourcesBuildPhase;
			buildActionMask = 2147483647;
			files = (
				EA54439316D2C7C900B5B5BB /* main.m in Sources */,
				EA54439716D2C7C900B5B5BB /* AppDelegate.m in Sources */,
				EA5443A016D2C7C900B5B5BB /* FirstViewController.m in Sources */,
				EA5443A716D2C7C900B5B5BB /* SecondViewController.m in Sources */,
				EA5443BA16D2C8CC00B5B5BB /* DetailViewController.m in Sources */,
				EA5443C016D2E0CF00B5B5BB /* MyMapAnnotation.m in Sources */,
				EA03473316D44B3300AC8ECD /* BusinessInfo.m in Sources */,
				EA03473716D44B7A00AC8ECD /* DataManager.m in Sources */,
			);
			runOnlyForDeploymentPostprocessing = 0;
		};
/* End PBXSourcesBuildPhase section */

/* Begin PBXVariantGroup section */
		EA54438F16D2C7C900B5B5BB /* InfoPlist.strings */ = {
			isa = PBXVariantGroup;
			children = (
				EA54439016D2C7C900B5B5BB /* en */,
			);
			name = InfoPlist.strings;
			sourceTree = "<group>";
		};
		EA5443AC16D2C7C900B5B5BB /* FirstViewController.xib */ = {
			isa = PBXVariantGroup;
			children = (
				EA5443AD16D2C7C900B5B5BB /* en */,
			);
			name = FirstViewController.xib;
			sourceTree = "<group>";
		};
		EA5443AF16D2C7C900B5B5BB /* SecondViewController.xib */ = {
			isa = PBXVariantGroup;
			children = (
				EA5443B016D2C7C900B5B5BB /* en */,
			);
			name = SecondViewController.xib;
			sourceTree = "<group>";
		};
/* End PBXVariantGroup section */

/* Begin XCBuildConfiguration section */
		EA5443B216D2C7C900B5B5BB /* Debug */ = {
			isa = XCBuildConfiguration;
			buildSettings = {
				ALWAYS_SEARCH_USER_PATHS = NO;
				CLANG_CXX_LANGUAGE_STANDARD = "gnu++0x";
				CLANG_CXX_LIBRARY = "libc++";
				CLANG_WARN_EMPTY_BODY = YES;
				CLANG_WARN__DUPLICATE_METHOD_MATCH = YES;
				"CODE_SIGN_IDENTITY[sdk=iphoneos*]" = "iPhone Developer";
				COPY_PHASE_STRIP = NO;
				GCC_C_LANGUAGE_STANDARD = gnu99;
				GCC_DYNAMIC_NO_PIC = NO;
				GCC_OPTIMIZATION_LEVEL = 0;
				GCC_PREPROCESSOR_DEFINITIONS = (
					"DEBUG=1",
					"$(inherited)",
				);
				GCC_SYMBOLS_PRIVATE_EXTERN = NO;
				GCC_WARN_ABOUT_RETURN_TYPE = YES;
				GCC_WARN_UNINITIALIZED_AUTOS = YES;
				GCC_WARN_UNUSED_VARIABLE = YES;
				IPHONEOS_DEPLOYMENT_TARGET = 6.0;
				ONLY_ACTIVE_ARCH = YES;
				SDKROOT = iphoneos;
			};
			name = Debug;
		};
		EA5443B316D2C7C900B5B5BB /* Release */ = {
			isa = XCBuildConfiguration;
			buildSettings = {
				ALWAYS_SEARCH_USER_PATHS = NO;
				CLANG_CXX_LANGUAGE_STANDARD = "gnu++0x";
				CLANG_CXX_LIBRARY = "libc++";
				CLANG_WARN_EMPTY_BODY = YES;
				CLANG_WARN__DUPLICATE_METHOD_MATCH = YES;
				"CODE_SIGN_IDENTITY[sdk=iphoneos*]" = "iPhone Developer";
				COPY_PHASE_STRIP = YES;
				GCC_C_LANGUAGE_STANDARD = gnu99;
				GCC_WARN_ABOUT_RETURN_TYPE = YES;
				GCC_WARN_UNINITIALIZED_AUTOS = YES;
				GCC_WARN_UNUSED_VARIABLE = YES;
				IPHONEOS_DEPLOYMENT_TARGET = 6.0;
				OTHER_CFLAGS = "-DNS_BLOCK_ASSERTIONS=1";
				SDKROOT = iphoneos;
				VALIDATE_PRODUCT = YES;
			};
			name = Release;
		};
		EA5443B516D2C7C900B5B5BB /* Debug */ = {
			isa = XCBuildConfiguration;
			buildSettings = {
				GCC_PRECOMPILE_PREFIX_HEADER = YES;
				GCC_PREFIX_HEADER = "MDF1-Project3/MDF1-Project3-Prefix.pch";
				INFOPLIST_FILE = "MDF1-Project3/MDF1-Project3-Info.plist";
				PRODUCT_NAME = "$(TARGET_NAME)";
				WRAPPER_EXTENSION = app;
			};
			name = Debug;
		};
		EA5443B616D2C7C900B5B5BB /* Release */ = {
			isa = XCBuildConfiguration;
			buildSettings = {
				GCC_PRECOMPILE_PREFIX_HEADER = YES;
				GCC_PREFIX_HEADER = "MDF1-Project3/MDF1-Project3-Prefix.pch";
				INFOPLIST_FILE = "MDF1-Project3/MDF1-Project3-Info.plist";
				PRODUCT_NAME = "$(TARGET_NAME)";
				WRAPPER_EXTENSION = app;
			};
			name = Release;
		};
/* End XCBuildConfiguration section */

/* Begin XCConfigurationList section */
		EA54437C16D2C7C900B5B5BB /* Build configuration list for PBXProject "MDF1-Project3" */ = {
			isa = XCConfigurationList;
			buildConfigurations = (
				EA5443B216D2C7C900B5B5BB /* Debug */,
				EA5443B316D2C7C900B5B5BB /* Release */,
			);
			defaultConfigurationIsVisible = 0;
			defaultConfigurationName = Release;
		};
		EA5443B416D2C7C900B5B5BB /* Build configuration list for PBXNativeTarget "MDF1-Project3" */ = {
			isa = XCConfigurationList;
			buildConfigurations = (
				EA5443B516D2C7C900B5B5BB /* Debug */,
				EA5443B616D2C7C900B5B5BB /* Release */,
			);
			defaultConfigurationIsVisible = 0;
			defaultConfigurationName = Release;
		};
/* End XCConfigurationList section */
	};
	rootObject = EA54437916D2C7C900B5B5BB /* Project object */;
}
